
Microsoft Visual Studio Solution File, Format Version 12.00
# Visual Studio Version 17
VisualStudioVersion = 17.14.36518.9
MinimumVisualStudioVersion = 10.0.40219.1
Project("{FAE04EC0-301F-11D3-BF4B-00C04F79EFBC}") = "linkedListsExham05", "linkedListsExham05\linkedListsExham05.csproj", "{11C9200D-2C4E-41F3-92DB-4FBF8B372B0D}"
EndProject
Project("{FAE04EC0-301F-11D3-BF4B-00C04F79EFBC}") = "DoublyNode.UI.Console", "DoublyNode.UI.Console\DoublyNode.UI.Console.csproj", "{31E97380-6104-435E-B637-E2D1EA15FD3A}"
EndProject
Global
	GlobalSection(SolutionConfigurationPlatforms) = preSolution
		Debug|Any CPU = Debug|Any CPU
		Release|Any CPU = Release|Any CPU
	EndGlobalSection
	GlobalSection(ProjectConfigurationPlatforms) = postSolution
		{11C9200D-2C4E-41F3-92DB-4FBF8B372B0D}.Debug|Any CPU.ActiveCfg = Debug|Any CPU
		{11C9200D-2C4E-41F3-92DB-4FBF8B372B0D}.Debug|Any CPU.Build.0 = Debug|Any CPU
		{11C9200D-2C4E-41F3-92DB-4FBF8B372B0D}.Release|Any CPU.ActiveCfg = Release|Any CPU
		{11C9200D-2C4E-41F3-92DB-4FBF8B372B0D}.Release|Any CPU.Build.0 = Release|Any CPU
		{31E97380-6104-435E-B637-E2D1EA15FD3A}.Debug|Any CPU.ActiveCfg = Debug|Any CPU
		{31E97380-6104-435E-B637-E2D1EA15FD3A}.Debug|Any CPU.Build.0 = Debug|Any CPU
		{31E97380-6104-435E-B637-E2D1EA15FD3A}.Release|Any CPU.ActiveCfg = Release|Any CPU
		{31E97380-6104-435E-B637-E2D1EA15FD3A}.Release|Any CPU.Build.0 = Release|Any CPU
	EndGlobalSection
	GlobalSection(SolutionProperties) = preSolution
		HideSolutionNode = FALSE
	EndGlobalSection
	GlobalSection(ExtensibilityGlobals) = postSolution
		SolutionGuid = {CEC9D089-0BF9-498E-9926-69AF69DDE104}
	EndGlobalSection
EndGlobal
